dependencies:
- name: keycloak
  repository: https://codecentric.github.io/helm-charts
  version: 16.0.5
- name: traefik-forward-auth
  repository: https://k8s-at-home.com/charts/
  version: 1.0.10
digest: sha256:500c72c60acb886b25d041091f78a0bd763701c852a15671d972d9760d346333
generated: "2022-01-10T15:12:10.468009315Z"
