dependencies:
- name: keycloak
  repository: https://codecentric.github.io/helm-charts
  version: 16.0.5
- name: traefik-forward-auth
  repository: https://k8s-at-home.com/charts/
  version: 2.1.2
digest: sha256:d364156dcf29164ea64ccd02196e468329e5e93b910f4e7af4cbe8e414aadd63
generated: "2022-05-15T18:52:11.076023072Z"
