dependencies:
- name: keycloak
  repository: https://codecentric.github.io/helm-charts
  version: 16.0.5
- name: traefik-forward-auth
  repository: https://k8s-at-home.com/charts/
  version: 2.2.2
digest: sha256:5c343913bb57a4acfe28f1e43e916e51d5bb9ebc56e831cfb1a07261ba3e152d
generated: "2023-12-01T01:07:16.206372836Z"
